
Microsoft Visual Studio Solution File, Format Version 12.00
# Visual Studio Version 17
VisualStudioVersion = 17.2.32505.173
MinimumVisualStudioVersion = 10.0.40219.1
Project("{FAE04EC0-301F-11D3-BF4B-00C04F79EFBC}") = "PL.WinForms", "PL.WinForms.csproj", "{2A7B1871-CFA5-44C5-A317-FEF41A7941C4}"
EndProject
Project("{FAE04EC0-301F-11D3-BF4B-00C04F79EFBC}") = "BLL", "..\BLL\BLL.csproj", "{4BDA1D74-E43A-417A-B579-9E367BA7E932}"
EndProject
Project("{FAE04EC0-301F-11D3-BF4B-00C04F79EFBC}") = "Entities", "..\Entities\Entities.csproj", "{14978E5C-20EE-4B83-914C-15C584A748DC}"
EndProject
Project("{FAE04EC0-301F-11D3-BF4B-00C04F79EFBC}") = "DAL", "..\DAL\DAL.csproj", "{AF249774-8136-4BCC-AE0E-6D7641B112DD}"
EndProject
Project("{FAE04EC0-301F-11D3-BF4B-00C04F79EFBC}") = "Interfaces", "..\Interfaces\Interfaces.csproj", "{83ADC3FE-F238-4FC5-B320-DFEBDC9CE894}"
EndProject
Global
	GlobalSection(SolutionConfigurationPlatforms) = preSolution
		Debug|Any CPU = Debug|Any CPU
		Release|Any CPU = Release|Any CPU
	EndGlobalSection
	GlobalSection(ProjectConfigurationPlatforms) = postSolution
		{2A7B1871-CFA5-44C5-A317-FEF41A7941C4}.Debug|Any CPU.ActiveCfg = Debug|Any CPU
		{2A7B1871-CFA5-44C5-A317-FEF41A7941C4}.Debug|Any CPU.Build.0 = Debug|Any CPU
		{2A7B1871-CFA5-44C5-A317-FEF41A7941C4}.Release|Any CPU.ActiveCfg = Release|Any CPU
		{2A7B1871-CFA5-44C5-A317-FEF41A7941C4}.Release|Any CPU.Build.0 = Release|Any CPU
		{4BDA1D74-E43A-417A-B579-9E367BA7E932}.Debug|Any CPU.ActiveCfg = Debug|Any CPU
		{4BDA1D74-E43A-417A-B579-9E367BA7E932}.Debug|Any CPU.Build.0 = Debug|Any CPU
		{4BDA1D74-E43A-417A-B579-9E367BA7E932}.Release|Any CPU.ActiveCfg = Release|Any CPU
		{4BDA1D74-E43A-417A-B579-9E367BA7E932}.Release|Any CPU.Build.0 = Release|Any CPU
		{14978E5C-20EE-4B83-914C-15C584A748DC}.Debug|Any CPU.ActiveCfg = Debug|Any CPU
		{14978E5C-20EE-4B83-914C-15C584A748DC}.Debug|Any CPU.Build.0 = Debug|Any CPU
		{14978E5C-20EE-4B83-914C-15C584A748DC}.Release|Any CPU.ActiveCfg = Release|Any CPU
		{14978E5C-20EE-4B83-914C-15C584A748DC}.Release|Any CPU.Build.0 = Release|Any CPU
		{AF249774-8136-4BCC-AE0E-6D7641B112DD}.Debug|Any CPU.ActiveCfg = Debug|Any CPU
		{AF249774-8136-4BCC-AE0E-6D7641B112DD}.Debug|Any CPU.Build.0 = Debug|Any CPU
		{AF249774-8136-4BCC-AE0E-6D7641B112DD}.Release|Any CPU.ActiveCfg = Release|Any CPU
		{AF249774-8136-4BCC-AE0E-6D7641B112DD}.Release|Any CPU.Build.0 = Release|Any CPU
		{83ADC3FE-F238-4FC5-B320-DFEBDC9CE894}.Debug|Any CPU.ActiveCfg = Debug|Any CPU
		{83ADC3FE-F238-4FC5-B320-DFEBDC9CE894}.Debug|Any CPU.Build.0 = Debug|Any CPU
		{83ADC3FE-F238-4FC5-B320-DFEBDC9CE894}.Release|Any CPU.ActiveCfg = Release|Any CPU
		{83ADC3FE-F238-4FC5-B320-DFEBDC9CE894}.Release|Any CPU.Build.0 = Release|Any CPU
	EndGlobalSection
	GlobalSection(SolutionProperties) = preSolution
		HideSolutionNode = FALSE
	EndGlobalSection
	GlobalSection(ExtensibilityGlobals) = postSolution
		SolutionGuid = {60452D96-24B1-4D4D-AFA6-9461022B63FC}
	EndGlobalSection
EndGlobal
